
Microsoft Visual Studio Solution File, Format Version 12.00
# Visual Studio Version 16
VisualStudioVersion = 16.0.30621.155
MinimumVisualStudioVersion = 10.0.40219.1
Project("{FAE04EC0-301F-11D3-BF4B-00C04F79EFBC}") = "DiagramDrawer", "DiagramDrawer.csproj", "{8BC22042-8481-4B4E-8CC9-F02E24B2DD05}"
EndProject
Global
	GlobalSection(SolutionConfigurationPlatforms) = preSolution
		Debug|Any CPU = Debug|Any CPU
		Release|Any CPU = Release|Any CPU
	EndGlobalSection
	GlobalSection(ProjectConfigurationPlatforms) = postSolution
		{8BC22042-8481-4B4E-8CC9-F02E24B2DD05}.Debug|Any CPU.ActiveCfg = Debug|Any CPU
		{8BC22042-8481-4B4E-8CC9-F02E24B2DD05}.Debug|Any CPU.Build.0 = Debug|Any CPU
		{8BC22042-8481-4B4E-8CC9-F02E24B2DD05}.Release|Any CPU.ActiveCfg = Release|Any CPU
		{8BC22042-8481-4B4E-8CC9-F02E24B2DD05}.Release|Any CPU.Build.0 = Release|Any CPU
	EndGlobalSection
	GlobalSection(SolutionProperties) = preSolution
		HideSolutionNode = FALSE
	EndGlobalSection
	GlobalSection(ExtensibilityGlobals) = postSolution
		SolutionGuid = {A06B5AAB-EBE4-407B-B8AF-8C1B7ACF955F}
	EndGlobalSection
EndGlobal
